
Microsoft Visual Studio Solution File, Format Version 12.00
# Visual Studio Version 17
VisualStudioVersion = 17.8.34330.188
MinimumVisualStudioVersion = 10.0.40219.1
Project("{FAE04EC0-301F-11D3-BF4B-00C04F79EFBC}") = "ReversiRestAPI", "ReversiRestAPI\ReversiRestAPI.csproj", "{EE8815D9-77F2-4B01-A5DE-5CE167C3C906}"
EndProject
Project("{FAE04EC0-301F-11D3-BF4B-00C04F79EFBC}") = "SpelTest", "SpelTest\SpelTest.csproj", "{DC718499-131B-49E5-B5B5-D1798B6F5A9B}"
EndProject
Global
	GlobalSection(SolutionConfigurationPlatforms) = preSolution
		Debug|Any CPU = Debug|Any CPU
		Release|Any CPU = Release|Any CPU
	EndGlobalSection
	GlobalSection(ProjectConfigurationPlatforms) = postSolution
		{EE8815D9-77F2-4B01-A5DE-5CE167C3C906}.Debug|Any CPU.ActiveCfg = Debug|Any CPU
		{EE8815D9-77F2-4B01-A5DE-5CE167C3C906}.Debug|Any CPU.Build.0 = Debug|Any CPU
		{EE8815D9-77F2-4B01-A5DE-5CE167C3C906}.Release|Any CPU.ActiveCfg = Release|Any CPU
		{EE8815D9-77F2-4B01-A5DE-5CE167C3C906}.Release|Any CPU.Build.0 = Release|Any CPU
		{DC718499-131B-49E5-B5B5-D1798B6F5A9B}.Debug|Any CPU.ActiveCfg = Debug|Any CPU
		{DC718499-131B-49E5-B5B5-D1798B6F5A9B}.Debug|Any CPU.Build.0 = Debug|Any CPU
		{DC718499-131B-49E5-B5B5-D1798B6F5A9B}.Release|Any CPU.ActiveCfg = Release|Any CPU
		{DC718499-131B-49E5-B5B5-D1798B6F5A9B}.Release|Any CPU.Build.0 = Release|Any CPU
	EndGlobalSection
	GlobalSection(SolutionProperties) = preSolution
		HideSolutionNode = FALSE
	EndGlobalSection
	GlobalSection(ExtensibilityGlobals) = postSolution
		SolutionGuid = {0D2C55FE-E6A8-45A3-B35E-BF7D0F2D694D}
	EndGlobalSection
EndGlobal
